
Microsoft Visual Studio Solution File, Format Version 12.00
# Visual Studio 15
VisualStudioVersion = 15.0.27428.2037
MinimumVisualStudioVersion = 10.0.40219.1
Project("{FAE04EC0-301F-11D3-BF4B-00C04F79EFBC}") = "WPF", "WPF\WPF.csproj", "{9DCC15D3-6B79-492B-BC2F-AE497E4CFBF5}"
EndProject
Global
	GlobalSection(SolutionConfigurationPlatforms) = preSolution
		Debug|Any CPU = Debug|Any CPU
		Release|Any CPU = Release|Any CPU
	EndGlobalSection
	GlobalSection(ProjectConfigurationPlatforms) = postSolution
		{9DCC15D3-6B79-492B-BC2F-AE497E4CFBF5}.Debug|Any CPU.ActiveCfg = Debug|Any CPU
		{9DCC15D3-6B79-492B-BC2F-AE497E4CFBF5}.Debug|Any CPU.Build.0 = Debug|Any CPU
		{9DCC15D3-6B79-492B-BC2F-AE497E4CFBF5}.Release|Any CPU.ActiveCfg = Release|Any CPU
		{9DCC15D3-6B79-492B-BC2F-AE497E4CFBF5}.Release|Any CPU.Build.0 = Release|Any CPU
	EndGlobalSection
	GlobalSection(SolutionProperties) = preSolution
		HideSolutionNode = FALSE
	EndGlobalSection
	GlobalSection(ExtensibilityGlobals) = postSolution
		SolutionGuid = {3C4D58AF-F639-48D2-AF0B-211E13D89468}
	EndGlobalSection
EndGlobal
